
Microsoft Visual Studio Solution File, Format Version 12.00
# Visual Studio Version 17
VisualStudioVersion = 17.8.34112.27
MinimumVisualStudioVersion = 10.0.40219.1
Project("{00D1A9C2-B5F0-4AF3-8072-F6C62B433612}") = "Core.Database", "Core\Core.Database\Core.Database.sqlproj", "{F20C9A85-A15A-49A0-83B0-329960351C37}"
EndProject
Project("{00D1A9C2-B5F0-4AF3-8072-F6C62B433612}") = "Inventory.Database", "Inventory\Inventory.Database\Inventory.Database.sqlproj", "{68D82FD4-F6B5-414D-B765-45EE2D62E6F1}"
EndProject
Project("{00D1A9C2-B5F0-4AF3-8072-F6C62B433612}") = "Notice.Database", "Notice\Notice.Database\Notice.Database.sqlproj", "{3BF63258-A02B-47DD-AB18-354B126E13C1}"
EndProject
Project("{00D1A9C2-B5F0-4AF3-8072-F6C62B433612}") = "Purchase.Database", "Purchase\Purchase.Database\Purchase.Database.sqlproj", "{7A061B57-4E26-4CD8-84A8-2EAF168F58AE}"
EndProject
Project("{00D1A9C2-B5F0-4AF3-8072-F6C62B433612}") = "Shipping.Database", "Shipping\Shipping.Database\Shipping.Database.sqlproj", "{ABFDFDC3-23DD-457D-92D5-447A7BE21961}"
EndProject
Project("{2150E333-8FDC-42A3-9474-1A3956D46DE8}") = "Core", "Core", "{FD68E4E0-FCCF-4CBC-BCAD-2CA03C34E7DC}"
EndProject
Project("{2150E333-8FDC-42A3-9474-1A3956D46DE8}") = "Inventory", "Inventory", "{AB34A621-FEC8-4FB3-99E9-D8F81C8D2CAD}"
EndProject
Project("{2150E333-8FDC-42A3-9474-1A3956D46DE8}") = "Notice", "Notice", "{30443ACC-FF9C-43F7-B1A8-F6039A31E042}"
EndProject
Project("{2150E333-8FDC-42A3-9474-1A3956D46DE8}") = "Purchase", "Purchase", "{0854461C-B5F2-4EB3-A0DC-DDF7F4B3FEE1}"
EndProject
Project("{2150E333-8FDC-42A3-9474-1A3956D46DE8}") = "Shipping", "Shipping", "{3B553926-4EC2-4518-B20B-B7320A4D0419}"
EndProject
Project("{9A19103F-16F7-4668-BE54-9A1E7A4F7556}") = "Core.Services", "Core\Core.Services\Core.Services.csproj", "{4B5CB06D-D568-44DA-9A68-BA221FE7C378}"
EndProject
Project("{9A19103F-16F7-4668-BE54-9A1E7A4F7556}") = "Inventory.Services", "Inventory\Inventory.Services\Inventory.Services.csproj", "{ED7C885C-F528-4F2E-86AF-45CEDC14923A}"
EndProject
Project("{9A19103F-16F7-4668-BE54-9A1E7A4F7556}") = "Notice.Services", "Notice\Notice.Services\Notice.Services.csproj", "{AC31CD13-5B05-408B-85E0-CC331D75BBC6}"
EndProject
Project("{9A19103F-16F7-4668-BE54-9A1E7A4F7556}") = "Purchase.Services", "Purchase\Purchase.Services\Purchase.Services.csproj", "{5E82761A-D956-40A1-9AF5-A9A77DA7B9A0}"
EndProject
Project("{9A19103F-16F7-4668-BE54-9A1E7A4F7556}") = "Shipping.Services", "Shipping\Shipping.Services\Shipping.Services.csproj", "{01C81DD0-7DDE-49D2-A4F2-0133412C5951}"
EndProject
Project("{2150E333-8FDC-42A3-9474-1A3956D46DE8}") = "Product", "Product", "{11FF5CB6-DAA4-4545-A522-EFC74C4FF2FC}"
EndProject
Project("{FAE04EC0-301F-11D3-BF4B-00C04F79EFBC}") = "Product.Services", "Product\Product.Services\Product.Services.csproj", "{3DF068CA-C5FE-4440-9273-29A8F5FAB65F}"
EndProject
Project("{FAE04EC0-301F-11D3-BF4B-00C04F79EFBC}") = "Product.LoadDatabase", "Product\Product.LoadDatabase\Product.LoadDatabase.csproj", "{C4AD4DFF-AAC3-4D2A-BBB3-239292D23F55}"
EndProject
Global
	GlobalSection(SolutionConfigurationPlatforms) = preSolution
		Debug|Any CPU = Debug|Any CPU
		Release|Any CPU = Release|Any CPU
	EndGlobalSection
	GlobalSection(ProjectConfigurationPlatforms) = postSolution
		{F20C9A85-A15A-49A0-83B0-329960351C37}.Debug|Any CPU.ActiveCfg = Debug|Any CPU
		{F20C9A85-A15A-49A0-83B0-329960351C37}.Debug|Any CPU.Build.0 = Debug|Any CPU
		{F20C9A85-A15A-49A0-83B0-329960351C37}.Debug|Any CPU.Deploy.0 = Debug|Any CPU
		{F20C9A85-A15A-49A0-83B0-329960351C37}.Release|Any CPU.ActiveCfg = Release|Any CPU
		{F20C9A85-A15A-49A0-83B0-329960351C37}.Release|Any CPU.Build.0 = Release|Any CPU
		{F20C9A85-A15A-49A0-83B0-329960351C37}.Release|Any CPU.Deploy.0 = Release|Any CPU
		{68D82FD4-F6B5-414D-B765-45EE2D62E6F1}.Debug|Any CPU.ActiveCfg = Debug|Any CPU
		{68D82FD4-F6B5-414D-B765-45EE2D62E6F1}.Debug|Any CPU.Build.0 = Debug|Any CPU
		{68D82FD4-F6B5-414D-B765-45EE2D62E6F1}.Debug|Any CPU.Deploy.0 = Debug|Any CPU
		{68D82FD4-F6B5-414D-B765-45EE2D62E6F1}.Release|Any CPU.ActiveCfg = Release|Any CPU
		{68D82FD4-F6B5-414D-B765-45EE2D62E6F1}.Release|Any CPU.Build.0 = Release|Any CPU
		{68D82FD4-F6B5-414D-B765-45EE2D62E6F1}.Release|Any CPU.Deploy.0 = Release|Any CPU
		{3BF63258-A02B-47DD-AB18-354B126E13C1}.Debug|Any CPU.ActiveCfg = Debug|Any CPU
		{3BF63258-A02B-47DD-AB18-354B126E13C1}.Debug|Any CPU.Build.0 = Debug|Any CPU
		{3BF63258-A02B-47DD-AB18-354B126E13C1}.Debug|Any CPU.Deploy.0 = Debug|Any CPU
		{3BF63258-A02B-47DD-AB18-354B126E13C1}.Release|Any CPU.ActiveCfg = Release|Any CPU
		{3BF63258-A02B-47DD-AB18-354B126E13C1}.Release|Any CPU.Build.0 = Release|Any CPU
		{3BF63258-A02B-47DD-AB18-354B126E13C1}.Release|Any CPU.Deploy.0 = Release|Any CPU
		{7A061B57-4E26-4CD8-84A8-2EAF168F58AE}.Debug|Any CPU.ActiveCfg = Debug|Any CPU
		{7A061B57-4E26-4CD8-84A8-2EAF168F58AE}.Debug|Any CPU.Build.0 = Debug|Any CPU
		{7A061B57-4E26-4CD8-84A8-2EAF168F58AE}.Debug|Any CPU.Deploy.0 = Debug|Any CPU
		{7A061B57-4E26-4CD8-84A8-2EAF168F58AE}.Release|Any CPU.ActiveCfg = Release|Any CPU
		{7A061B57-4E26-4CD8-84A8-2EAF168F58AE}.Release|Any CPU.Build.0 = Release|Any CPU
		{7A061B57-4E26-4CD8-84A8-2EAF168F58AE}.Release|Any CPU.Deploy.0 = Release|Any CPU
		{ABFDFDC3-23DD-457D-92D5-447A7BE21961}.Debug|Any CPU.ActiveCfg = Debug|Any CPU
		{ABFDFDC3-23DD-457D-92D5-447A7BE21961}.Debug|Any CPU.Build.0 = Debug|Any CPU
		{ABFDFDC3-23DD-457D-92D5-447A7BE21961}.Debug|Any CPU.Deploy.0 = Debug|Any CPU
		{ABFDFDC3-23DD-457D-92D5-447A7BE21961}.Release|Any CPU.ActiveCfg = Release|Any CPU
		{ABFDFDC3-23DD-457D-92D5-447A7BE21961}.Release|Any CPU.Build.0 = Release|Any CPU
		{ABFDFDC3-23DD-457D-92D5-447A7BE21961}.Release|Any CPU.Deploy.0 = Release|Any CPU
		{4B5CB06D-D568-44DA-9A68-BA221FE7C378}.Debug|Any CPU.ActiveCfg = Debug|Any CPU
		{4B5CB06D-D568-44DA-9A68-BA221FE7C378}.Debug|Any CPU.Build.0 = Debug|Any CPU
		{4B5CB06D-D568-44DA-9A68-BA221FE7C378}.Release|Any CPU.ActiveCfg = Release|Any CPU
		{4B5CB06D-D568-44DA-9A68-BA221FE7C378}.Release|Any CPU.Build.0 = Release|Any CPU
		{ED7C885C-F528-4F2E-86AF-45CEDC14923A}.Debug|Any CPU.ActiveCfg = Debug|Any CPU
		{ED7C885C-F528-4F2E-86AF-45CEDC14923A}.Debug|Any CPU.Build.0 = Debug|Any CPU
		{ED7C885C-F528-4F2E-86AF-45CEDC14923A}.Release|Any CPU.ActiveCfg = Release|Any CPU
		{ED7C885C-F528-4F2E-86AF-45CEDC14923A}.Release|Any CPU.Build.0 = Release|Any CPU
		{AC31CD13-5B05-408B-85E0-CC331D75BBC6}.Debug|Any CPU.ActiveCfg = Debug|Any CPU
		{AC31CD13-5B05-408B-85E0-CC331D75BBC6}.Debug|Any CPU.Build.0 = Debug|Any CPU
		{AC31CD13-5B05-408B-85E0-CC331D75BBC6}.Release|Any CPU.ActiveCfg = Release|Any CPU
		{AC31CD13-5B05-408B-85E0-CC331D75BBC6}.Release|Any CPU.Build.0 = Release|Any CPU
		{5E82761A-D956-40A1-9AF5-A9A77DA7B9A0}.Debug|Any CPU.ActiveCfg = Debug|Any CPU
		{5E82761A-D956-40A1-9AF5-A9A77DA7B9A0}.Debug|Any CPU.Build.0 = Debug|Any CPU
		{5E82761A-D956-40A1-9AF5-A9A77DA7B9A0}.Release|Any CPU.ActiveCfg = Release|Any CPU
		{5E82761A-D956-40A1-9AF5-A9A77DA7B9A0}.Release|Any CPU.Build.0 = Release|Any CPU
		{01C81DD0-7DDE-49D2-A4F2-0133412C5951}.Debug|Any CPU.ActiveCfg = Debug|Any CPU
		{01C81DD0-7DDE-49D2-A4F2-0133412C5951}.Debug|Any CPU.Build.0 = Debug|Any CPU
		{01C81DD0-7DDE-49D2-A4F2-0133412C5951}.Release|Any CPU.ActiveCfg = Release|Any CPU
		{01C81DD0-7DDE-49D2-A4F2-0133412C5951}.Release|Any CPU.Build.0 = Release|Any CPU
		{3DF068CA-C5FE-4440-9273-29A8F5FAB65F}.Debug|Any CPU.ActiveCfg = Debug|Any CPU
		{3DF068CA-C5FE-4440-9273-29A8F5FAB65F}.Debug|Any CPU.Build.0 = Debug|Any CPU
		{3DF068CA-C5FE-4440-9273-29A8F5FAB65F}.Release|Any CPU.ActiveCfg = Release|Any CPU
		{3DF068CA-C5FE-4440-9273-29A8F5FAB65F}.Release|Any CPU.Build.0 = Release|Any CPU
		{C4AD4DFF-AAC3-4D2A-BBB3-239292D23F55}.Debug|Any CPU.ActiveCfg = Debug|Any CPU
		{C4AD4DFF-AAC3-4D2A-BBB3-239292D23F55}.Debug|Any CPU.Build.0 = Debug|Any CPU
		{C4AD4DFF-AAC3-4D2A-BBB3-239292D23F55}.Release|Any CPU.ActiveCfg = Release|Any CPU
		{C4AD4DFF-AAC3-4D2A-BBB3-239292D23F55}.Release|Any CPU.Build.0 = Release|Any CPU
	EndGlobalSection
	GlobalSection(SolutionProperties) = preSolution
		HideSolutionNode = FALSE
	EndGlobalSection
	GlobalSection(NestedProjects) = preSolution
		{F20C9A85-A15A-49A0-83B0-329960351C37} = {FD68E4E0-FCCF-4CBC-BCAD-2CA03C34E7DC}
		{68D82FD4-F6B5-414D-B765-45EE2D62E6F1} = {AB34A621-FEC8-4FB3-99E9-D8F81C8D2CAD}
		{3BF63258-A02B-47DD-AB18-354B126E13C1} = {30443ACC-FF9C-43F7-B1A8-F6039A31E042}
		{7A061B57-4E26-4CD8-84A8-2EAF168F58AE} = {0854461C-B5F2-4EB3-A0DC-DDF7F4B3FEE1}
		{ABFDFDC3-23DD-457D-92D5-447A7BE21961} = {3B553926-4EC2-4518-B20B-B7320A4D0419}
		{4B5CB06D-D568-44DA-9A68-BA221FE7C378} = {FD68E4E0-FCCF-4CBC-BCAD-2CA03C34E7DC}
		{ED7C885C-F528-4F2E-86AF-45CEDC14923A} = {AB34A621-FEC8-4FB3-99E9-D8F81C8D2CAD}
		{AC31CD13-5B05-408B-85E0-CC331D75BBC6} = {30443ACC-FF9C-43F7-B1A8-F6039A31E042}
		{5E82761A-D956-40A1-9AF5-A9A77DA7B9A0} = {0854461C-B5F2-4EB3-A0DC-DDF7F4B3FEE1}
		{01C81DD0-7DDE-49D2-A4F2-0133412C5951} = {3B553926-4EC2-4518-B20B-B7320A4D0419}
		{3DF068CA-C5FE-4440-9273-29A8F5FAB65F} = {11FF5CB6-DAA4-4545-A522-EFC74C4FF2FC}
		{C4AD4DFF-AAC3-4D2A-BBB3-239292D23F55} = {11FF5CB6-DAA4-4545-A522-EFC74C4FF2FC}
	EndGlobalSection
	GlobalSection(ExtensibilityGlobals) = postSolution
		SolutionGuid = {F15D7C67-06E2-4861-8D6A-3DC0528F8314}
	EndGlobalSection
EndGlobal
